// !$*UTF8*$!
{
	archiveVersion = 1;
	classes = {
	};
	objectVersion = 56;
	objects = {

/* Begin PBXBuildFile section */
		28424494DAE78165A98842B7 /* Pods_Movie_Catalog.framework in Frameworks */ = {isa = PBXBuildFile; fileRef = 68CD434C6E40C69F6E49F802 /* Pods_Movie_Catalog.framework */; };
		84F403F32A960C5F00FB2E48 /* AppDelegate.swift in Sources */ = {isa = PBXBuildFile; fileRef = 84F403F22A960C5F00FB2E48 /* AppDelegate.swift */; };
		84F403F52A960C5F00FB2E48 /* SceneDelegate.swift in Sources */ = {isa = PBXBuildFile; fileRef = 84F403F42A960C5F00FB2E48 /* SceneDelegate.swift */; };
		84F403F72A960C5F00FB2E48 /* ViewController.swift in Sources */ = {isa = PBXBuildFile; fileRef = 84F403F62A960C5F00FB2E48 /* ViewController.swift */; };
		84F403FD2A960C5F00FB2E48 /* Movie_Catalog.xcdatamodeld in Sources */ = {isa = PBXBuildFile; fileRef = 84F403FB2A960C5F00FB2E48 /* Movie_Catalog.xcdatamodeld */; };
		84F403FF2A960C5F00FB2E48 /* AppImages.xcassets in Resources */ = {isa = PBXBuildFile; fileRef = 84F403FE2A960C5F00FB2E48 /* AppImages.xcassets */; };
		84F404022A960C5F00FB2E48 /* LaunchScreen.storyboard in Resources */ = {isa = PBXBuildFile; fileRef = 84F404002A960C5F00FB2E48 /* LaunchScreen.storyboard */; };
		84F4040D2A960CA100FB2E48 /* AppImages.swift in Sources */ = {isa = PBXBuildFile; fileRef = 84F4040C2A960CA100FB2E48 /* AppImages.swift */; };
		84F404102A960CC300FB2E48 /* AppColors.xcassets in Resources */ = {isa = PBXBuildFile; fileRef = 84F4040F2A960CC300FB2E48 /* AppColors.xcassets */; };
		84F404122A960CC900FB2E48 /* AppColors.swift in Sources */ = {isa = PBXBuildFile; fileRef = 84F404112A960CC900FB2E48 /* AppColors.swift */; };
		84F404162A960E7B00FB2E48 /* R.generated.swift in Sources */ = {isa = PBXBuildFile; fileRef = 84F404152A960E7B00FB2E48 /* R.generated.swift */; };
		84F4041A2A960EDA00FB2E48 /* Coordinator.swift in Sources */ = {isa = PBXBuildFile; fileRef = 84F404192A960EDA00FB2E48 /* Coordinator.swift */; };
		84F4041C2A960EE800FB2E48 /* BaseNavigationCoordinator.swift in Sources */ = {isa = PBXBuildFile; fileRef = 84F4041B2A960EE800FB2E48 /* BaseNavigationCoordinator.swift */; };
		84F4041F2A960F1400FB2E48 /* AppCoordinator.swift in Sources */ = {isa = PBXBuildFile; fileRef = 84F4041E2A960F1400FB2E48 /* AppCoordinator.swift */; };
/* End PBXBuildFile section */

/* Begin PBXFileReference section */
		68CD434C6E40C69F6E49F802 /* Pods_Movie_Catalog.framework */ = {isa = PBXFileReference; explicitFileType = wrapper.framework; includeInIndex = 0; path = Pods_Movie_Catalog.framework; sourceTree = BUILT_PRODUCTS_DIR; };
		84F403EF2A960C5F00FB2E48 /* Movie-Catalog.app */ = {isa = PBXFileReference; explicitFileType = wrapper.application; includeInIndex = 0; path = "Movie-Catalog.app"; sourceTree = BUILT_PRODUCTS_DIR; };
		84F403F22A960C5F00FB2E48 /* AppDelegate.swift */ = {isa = PBXFileReference; lastKnownFileType = sourcecode.swift; path = AppDelegate.swift; sourceTree = "<group>"; };
		84F403F42A960C5F00FB2E48 /* SceneDelegate.swift */ = {isa = PBXFileReference; lastKnownFileType = sourcecode.swift; path = SceneDelegate.swift; sourceTree = "<group>"; };
		84F403F62A960C5F00FB2E48 /* ViewController.swift */ = {isa = PBXFileReference; lastKnownFileType = sourcecode.swift; path = ViewController.swift; sourceTree = "<group>"; };
		84F403FC2A960C5F00FB2E48 /* Movie_Catalog.xcdatamodel */ = {isa = PBXFileReference; lastKnownFileType = wrapper.xcdatamodel; path = Movie_Catalog.xcdatamodel; sourceTree = "<group>"; };
		84F403FE2A960C5F00FB2E48 /* AppImages.xcassets */ = {isa = PBXFileReference; lastKnownFileType = folder.assetcatalog; path = AppImages.xcassets; sourceTree = "<group>"; };
		84F404012A960C5F00FB2E48 /* Base */ = {isa = PBXFileReference; lastKnownFileType = file.storyboard; name = Base; path = Base.lproj/LaunchScreen.storyboard; sourceTree = "<group>"; };
		84F404032A960C5F00FB2E48 /* Info.plist */ = {isa = PBXFileReference; lastKnownFileType = text.plist.xml; path = Info.plist; sourceTree = "<group>"; };
		84F4040C2A960CA100FB2E48 /* AppImages.swift */ = {isa = PBXFileReference; lastKnownFileType = sourcecode.swift; path = AppImages.swift; sourceTree = "<group>"; };
		84F4040F2A960CC300FB2E48 /* AppColors.xcassets */ = {isa = PBXFileReference; lastKnownFileType = folder.assetcatalog; path = AppColors.xcassets; sourceTree = "<group>"; };
		84F404112A960CC900FB2E48 /* AppColors.swift */ = {isa = PBXFileReference; lastKnownFileType = sourcecode.swift; path = AppColors.swift; sourceTree = "<group>"; };
		84F404152A960E7B00FB2E48 /* R.generated.swift */ = {isa = PBXFileReference; fileEncoding = 4; lastKnownFileType = sourcecode.swift; path = R.generated.swift; sourceTree = "<group>"; };
		84F404192A960EDA00FB2E48 /* Coordinator.swift */ = {isa = PBXFileReference; lastKnownFileType = sourcecode.swift; path = Coordinator.swift; sourceTree = "<group>"; };
		84F4041B2A960EE800FB2E48 /* BaseNavigationCoordinator.swift */ = {isa = PBXFileReference; lastKnownFileType = sourcecode.swift; path = BaseNavigationCoordinator.swift; sourceTree = "<group>"; };
		84F4041E2A960F1400FB2E48 /* AppCoordinator.swift */ = {isa = PBXFileReference; lastKnownFileType = sourcecode.swift; path = AppCoordinator.swift; sourceTree = "<group>"; };
		9FE41C4938ACA81115BABBE9 /* Pods-Movie-Catalog.release.xcconfig */ = {isa = PBXFileReference; includeInIndex = 1; lastKnownFileType = text.xcconfig; name = "Pods-Movie-Catalog.release.xcconfig"; path = "Target Support Files/Pods-Movie-Catalog/Pods-Movie-Catalog.release.xcconfig"; sourceTree = "<group>"; };
		E4A0153175B47581A56C230C /* Pods-Movie-Catalog.debug.xcconfig */ = {isa = PBXFileReference; includeInIndex = 1; lastKnownFileType = text.xcconfig; name = "Pods-Movie-Catalog.debug.xcconfig"; path = "Target Support Files/Pods-Movie-Catalog/Pods-Movie-Catalog.debug.xcconfig"; sourceTree = "<group>"; };
/* End PBXFileReference section */

/* Begin PBXFrameworksBuildPhase section */
		84F403EC2A960C5F00FB2E48 /* Frameworks */ = {
			isa = PBXFrameworksBuildPhase;
			buildActionMask = 2147483647;
			files = (
				28424494DAE78165A98842B7 /* Pods_Movie_Catalog.framework in Frameworks */,
			);
			runOnlyForDeploymentPostprocessing = 0;
		};
/* End PBXFrameworksBuildPhase section */

/* Begin PBXGroup section */
		085401D8CDE20272CDF9EA96 /* Frameworks */ = {
			isa = PBXGroup;
			children = (
				68CD434C6E40C69F6E49F802 /* Pods_Movie_Catalog.framework */,
			);
			name = Frameworks;
			sourceTree = "<group>";
		};
		84F403E62A960C5E00FB2E48 = {
			isa = PBXGroup;
			children = (
				84F403F12A960C5F00FB2E48 /* Movie-Catalog */,
				84F403F02A960C5F00FB2E48 /* Products */,
				B7545E8AA3E902234E57585E /* Pods */,
				085401D8CDE20272CDF9EA96 /* Frameworks */,
			);
			sourceTree = "<group>";
		};
		84F403F02A960C5F00FB2E48 /* Products */ = {
			isa = PBXGroup;
			children = (
				84F403EF2A960C5F00FB2E48 /* Movie-Catalog.app */,
			);
			name = Products;
			sourceTree = "<group>";
		};
		84F403F12A960C5F00FB2E48 /* Movie-Catalog */ = {
			isa = PBXGroup;
			children = (
				84F404172A960EBC00FB2E48 /* Presentation */,
				84F404092A960C7100FB2E48 /* Application */,
				84F403F62A960C5F00FB2E48 /* ViewController.swift */,
				84F403FB2A960C5F00FB2E48 /* Movie_Catalog.xcdatamodeld */,
			);
			path = "Movie-Catalog";
			sourceTree = "<group>";
		};
		84F404092A960C7100FB2E48 /* Application */ = {
			isa = PBXGroup;
			children = (
				84F4040A2A960C8B00FB2E48 /* Resources */,
				84F403F22A960C5F00FB2E48 /* AppDelegate.swift */,
				84F403F42A960C5F00FB2E48 /* SceneDelegate.swift */,
				84F404002A960C5F00FB2E48 /* LaunchScreen.storyboard */,
				84F404032A960C5F00FB2E48 /* Info.plist */,
			);
			path = Application;
			sourceTree = "<group>";
		};
		84F4040A2A960C8B00FB2E48 /* Resources */ = {
			isa = PBXGroup;
			children = (
				84F404152A960E7B00FB2E48 /* R.generated.swift */,
				84F4040E2A960CBB00FB2E48 /* Colors */,
				84F4040B2A960C9700FB2E48 /* Images */,
			);
			path = Resources;
			sourceTree = "<group>";
		};
		84F4040B2A960C9700FB2E48 /* Images */ = {
			isa = PBXGroup;
			children = (
				84F403FE2A960C5F00FB2E48 /* AppImages.xcassets */,
				84F4040C2A960CA100FB2E48 /* AppImages.swift */,
			);
			path = Images;
			sourceTree = "<group>";
		};
		84F4040E2A960CBB00FB2E48 /* Colors */ = {
			isa = PBXGroup;
			children = (
				84F4040F2A960CC300FB2E48 /* AppColors.xcassets */,
				84F404112A960CC900FB2E48 /* AppColors.swift */,
			);
			path = Colors;
			sourceTree = "<group>";
		};
		84F404172A960EBC00FB2E48 /* Presentation */ = {
			isa = PBXGroup;
			children = (
				84F404182A960EC700FB2E48 /* Coordinators */,
			);
			path = Presentation;
			sourceTree = "<group>";
		};
		84F404182A960EC700FB2E48 /* Coordinators */ = {
			isa = PBXGroup;
			children = (
				84F4041D2A960F0B00FB2E48 /* AppCoordinator */,
				84F404192A960EDA00FB2E48 /* Coordinator.swift */,
				84F4041B2A960EE800FB2E48 /* BaseNavigationCoordinator.swift */,
			);
			path = Coordinators;
			sourceTree = "<group>";
		};
		84F4041D2A960F0B00FB2E48 /* AppCoordinator */ = {
			isa = PBXGroup;
			children = (
				84F4041E2A960F1400FB2E48 /* AppCoordinator.swift */,
			);
			path = AppCoordinator;
			sourceTree = "<group>";
		};
		B7545E8AA3E902234E57585E /* Pods */ = {
			isa = PBXGroup;
			children = (
				E4A0153175B47581A56C230C /* Pods-Movie-Catalog.debug.xcconfig */,
				9FE41C4938ACA81115BABBE9 /* Pods-Movie-Catalog.release.xcconfig */,
			);
			path = Pods;
			sourceTree = "<group>";
		};
/* End PBXGroup section */

/* Begin PBXNativeTarget section */
		84F403EE2A960C5F00FB2E48 /* Movie-Catalog */ = {
			isa = PBXNativeTarget;
			buildConfigurationList = 84F404062A960C5F00FB2E48 /* Build configuration list for PBXNativeTarget "Movie-Catalog" */;
			buildPhases = (
				8BB3FE9029032F7DEAC01BA0 /* [CP] Check Pods Manifest.lock */,
				84F404132A960E3100FB2E48 /* R.swift */,
				84F404142A960E4100FB2E48 /* SwiftLint */,
				84F403EB2A960C5F00FB2E48 /* Sources */,
				84F403EC2A960C5F00FB2E48 /* Frameworks */,
				84F403ED2A960C5F00FB2E48 /* Resources */,
				C7712D5BA7EE708A11A93F55 /* [CP] Embed Pods Frameworks */,
			);
			buildRules = (
			);
			dependencies = (
			);
			name = "Movie-Catalog";
			productName = "Movie-Catalog";
			productReference = 84F403EF2A960C5F00FB2E48 /* Movie-Catalog.app */;
			productType = "com.apple.product-type.application";
		};
/* End PBXNativeTarget section */

/* Begin PBXProject section */
		84F403E72A960C5E00FB2E48 /* Project object */ = {
			isa = PBXProject;
			attributes = {
				BuildIndependentTargetsInParallel = 1;
				LastSwiftUpdateCheck = 1420;
				LastUpgradeCheck = 1420;
				TargetAttributes = {
					84F403EE2A960C5F00FB2E48 = {
						CreatedOnToolsVersion = 14.2;
					};
				};
			};
			buildConfigurationList = 84F403EA2A960C5E00FB2E48 /* Build configuration list for PBXProject "Movie-Catalog" */;
			compatibilityVersion = "Xcode 14.0";
			developmentRegion = en;
			hasScannedForEncodings = 0;
			knownRegions = (
				en,
				Base,
			);
			mainGroup = 84F403E62A960C5E00FB2E48;
			productRefGroup = 84F403F02A960C5F00FB2E48 /* Products */;
			projectDirPath = "";
			projectRoot = "";
			targets = (
				84F403EE2A960C5F00FB2E48 /* Movie-Catalog */,
			);
		};
/* End PBXProject section */

/* Begin PBXResourcesBuildPhase section */
		84F403ED2A960C5F00FB2E48 /* Resources */ = {
			isa = PBXResourcesBuildPhase;
			buildActionMask = 2147483647;
			files = (
				84F404022A960C5F00FB2E48 /* LaunchScreen.storyboard in Resources */,
				84F403FF2A960C5F00FB2E48 /* AppImages.xcassets in Resources */,
				84F404102A960CC300FB2E48 /* AppColors.xcassets in Resources */,
			);
			runOnlyForDeploymentPostprocessing = 0;
		};
/* End PBXResourcesBuildPhase section */

/* Begin PBXShellScriptBuildPhase section */
		84F404132A960E3100FB2E48 /* R.swift */ = {
			isa = PBXShellScriptBuildPhase;
			alwaysOutOfDate = 1;
			buildActionMask = 2147483647;
			files = (
			);
			inputFileListPaths = (
			);
			inputPaths = (
			);
			name = R.swift;
			outputFileListPaths = (
			);
			outputPaths = (
			);
			runOnlyForDeploymentPostprocessing = 0;
			shellPath = /bin/sh;
			shellScript = "\"$PODS_ROOT/R.swift/rswift\" generate \"$SRCROOT/Movie-Catalog/Application/Resources/R.generated.swift\"\n";
		};
		84F404142A960E4100FB2E48 /* SwiftLint */ = {
			isa = PBXShellScriptBuildPhase;
			buildActionMask = 2147483647;
			files = (
			);
			inputFileListPaths = (
			);
			inputPaths = (
			);
			name = SwiftLint;
			outputFileListPaths = (
			);
			outputPaths = (
			);
			runOnlyForDeploymentPostprocessing = 0;
			shellPath = /bin/sh;
			shellScript = "\"${PODS_ROOT}/SwiftLint/swiftlint\"\n";
		};
		8BB3FE9029032F7DEAC01BA0 /* [CP] Check Pods Manifest.lock */ = {
			isa = PBXShellScriptBuildPhase;
			buildActionMask = 2147483647;
			files = (
			);
			inputFileListPaths = (
			);
			inputPaths = (
				"${PODS_PODFILE_DIR_PATH}/Podfile.lock",
				"${PODS_ROOT}/Manifest.lock",
			);
			name = "[CP] Check Pods Manifest.lock";
			outputFileListPaths = (
			);
			outputPaths = (
				"$(DERIVED_FILE_DIR)/Pods-Movie-Catalog-checkManifestLockResult.txt",
			);
			runOnlyForDeploymentPostprocessing = 0;
			shellPath = /bin/sh;
			shellScript = "diff \"${PODS_PODFILE_DIR_PATH}/Podfile.lock\" \"${PODS_ROOT}/Manifest.lock\" > /dev/null\nif [ $? != 0 ] ; then\n    # print error to STDERR\n    echo \"error: The sandbox is not in sync with the Podfile.lock. Run 'pod install' or update your CocoaPods installation.\" >&2\n    exit 1\nfi\n# This output is used by Xcode 'outputs' to avoid re-running this script phase.\necho \"SUCCESS\" > \"${SCRIPT_OUTPUT_FILE_0}\"\n";
			showEnvVarsInLog = 0;
		};
		C7712D5BA7EE708A11A93F55 /* [CP] Embed Pods Frameworks */ = {
			isa = PBXShellScriptBuildPhase;
			buildActionMask = 2147483647;
			files = (
			);
			inputFileListPaths = (
				"${PODS_ROOT}/Target Support Files/Pods-Movie-Catalog/Pods-Movie-Catalog-frameworks-${CONFIGURATION}-input-files.xcfilelist",
			);
			name = "[CP] Embed Pods Frameworks";
			outputFileListPaths = (
				"${PODS_ROOT}/Target Support Files/Pods-Movie-Catalog/Pods-Movie-Catalog-frameworks-${CONFIGURATION}-output-files.xcfilelist",
			);
			runOnlyForDeploymentPostprocessing = 0;
			shellPath = /bin/sh;
			shellScript = "\"${PODS_ROOT}/Target Support Files/Pods-Movie-Catalog/Pods-Movie-Catalog-frameworks.sh\"\n";
			showEnvVarsInLog = 0;
		};
/* End PBXShellScriptBuildPhase section */

/* Begin PBXSourcesBuildPhase section */
		84F403EB2A960C5F00FB2E48 /* Sources */ = {
			isa = PBXSourcesBuildPhase;
			buildActionMask = 2147483647;
			files = (
				84F4041A2A960EDA00FB2E48 /* Coordinator.swift in Sources */,
				84F403FD2A960C5F00FB2E48 /* Movie_Catalog.xcdatamodeld in Sources */,
				84F4041F2A960F1400FB2E48 /* AppCoordinator.swift in Sources */,
				84F404162A960E7B00FB2E48 /* R.generated.swift in Sources */,
				84F403F72A960C5F00FB2E48 /* ViewController.swift in Sources */,
				84F403F32A960C5F00FB2E48 /* AppDelegate.swift in Sources */,
				84F404122A960CC900FB2E48 /* AppColors.swift in Sources */,
				84F4040D2A960CA100FB2E48 /* AppImages.swift in Sources */,
				84F403F52A960C5F00FB2E48 /* SceneDelegate.swift in Sources */,
				84F4041C2A960EE800FB2E48 /* BaseNavigationCoordinator.swift in Sources */,
			);
			runOnlyForDeploymentPostprocessing = 0;
		};
/* End PBXSourcesBuildPhase section */

/* Begin PBXVariantGroup section */
		84F404002A960C5F00FB2E48 /* LaunchScreen.storyboard */ = {
			isa = PBXVariantGroup;
			children = (
				84F404012A960C5F00FB2E48 /* Base */,
			);
			name = LaunchScreen.storyboard;
			sourceTree = "<group>";
		};
/* End PBXVariantGroup section */

/* Begin XCBuildConfiguration section */
		84F404042A960C5F00FB2E48 /* Debug */ = {
			isa = XCBuildConfiguration;
			buildSettings = {
				ALWAYS_SEARCH_USER_PATHS = NO;
				CLANG_ANALYZER_NONNULL = YES;
				CLANG_ANALYZER_NUMBER_OBJECT_CONVERSION = YES_AGGRESSIVE;
				CLANG_CXX_LANGUAGE_STANDARD = "gnu++20";
				CLANG_ENABLE_MODULES = YES;
				CLANG_ENABLE_OBJC_ARC = YES;
				CLANG_ENABLE_OBJC_WEAK = YES;
				CLANG_WARN_BLOCK_CAPTURE_AUTORELEASING = YES;
				CLANG_WARN_BOOL_CONVERSION = YES;
				CLANG_WARN_COMMA = YES;
				CLANG_WARN_CONSTANT_CONVERSION = YES;
				CLANG_WARN_DEPRECATED_OBJC_IMPLEMENTATIONS = YES;
				CLANG_WARN_DIRECT_OBJC_ISA_USAGE = YES_ERROR;
				CLANG_WARN_DOCUMENTATION_COMMENTS = YES;
				CLANG_WARN_EMPTY_BODY = YES;
				CLANG_WARN_ENUM_CONVERSION = YES;
				CLANG_WARN_INFINITE_RECURSION = YES;
				CLANG_WARN_INT_CONVERSION = YES;
				CLANG_WARN_NON_LITERAL_NULL_CONVERSION = YES;
				CLANG_WARN_OBJC_IMPLICIT_RETAIN_SELF = YES;
				CLANG_WARN_OBJC_LITERAL_CONVERSION = YES;
				CLANG_WARN_OBJC_ROOT_CLASS = YES_ERROR;
				CLANG_WARN_QUOTED_INCLUDE_IN_FRAMEWORK_HEADER = YES;
				CLANG_WARN_RANGE_LOOP_ANALYSIS = YES;
				CLANG_WARN_STRICT_PROTOTYPES = YES;
				CLANG_WARN_SUSPICIOUS_MOVE = YES;
				CLANG_WARN_UNGUARDED_AVAILABILITY = YES_AGGRESSIVE;
				CLANG_WARN_UNREACHABLE_CODE = YES;
				CLANG_WARN__DUPLICATE_METHOD_MATCH = YES;
				COPY_PHASE_STRIP = NO;
				DEBUG_INFORMATION_FORMAT = dwarf;
				ENABLE_STRICT_OBJC_MSGSEND = YES;
				ENABLE_TESTABILITY = YES;
				GCC_C_LANGUAGE_STANDARD = gnu11;
				GCC_DYNAMIC_NO_PIC = NO;
				GCC_NO_COMMON_BLOCKS = YES;
				GCC_OPTIMIZATION_LEVEL = 0;
				GCC_PREPROCESSOR_DEFINITIONS = (
					"DEBUG=1",
					"$(inherited)",
				);
				GCC_WARN_64_TO_32_BIT_CONVERSION = YES;
				GCC_WARN_ABOUT_RETURN_TYPE = YES_ERROR;
				GCC_WARN_UNDECLARED_SELECTOR = YES;
				GCC_WARN_UNINITIALIZED_AUTOS = YES_AGGRESSIVE;
				GCC_WARN_UNUSED_FUNCTION = YES;
				GCC_WARN_UNUSED_VARIABLE = YES;
				IPHONEOS_DEPLOYMENT_TARGET = 16.2;
				MTL_ENABLE_DEBUG_INFO = INCLUDE_SOURCE;
				MTL_FAST_MATH = YES;
				ONLY_ACTIVE_ARCH = YES;
				SDKROOT = iphoneos;
				SWIFT_ACTIVE_COMPILATION_CONDITIONS = DEBUG;
				SWIFT_OPTIMIZATION_LEVEL = "-Onone";
			};
			name = Debug;
		};
		84F404052A960C5F00FB2E48 /* Release */ = {
			isa = XCBuildConfiguration;
			buildSettings = {
				ALWAYS_SEARCH_USER_PATHS = NO;
				CLANG_ANALYZER_NONNULL = YES;
				CLANG_ANALYZER_NUMBER_OBJECT_CONVERSION = YES_AGGRESSIVE;
				CLANG_CXX_LANGUAGE_STANDARD = "gnu++20";
				CLANG_ENABLE_MODULES = YES;
				CLANG_ENABLE_OBJC_ARC = YES;
				CLANG_ENABLE_OBJC_WEAK = YES;
				CLANG_WARN_BLOCK_CAPTURE_AUTORELEASING = YES;
				CLANG_WARN_BOOL_CONVERSION = YES;
				CLANG_WARN_COMMA = YES;
				CLANG_WARN_CONSTANT_CONVERSION = YES;
				CLANG_WARN_DEPRECATED_OBJC_IMPLEMENTATIONS = YES;
				CLANG_WARN_DIRECT_OBJC_ISA_USAGE = YES_ERROR;
				CLANG_WARN_DOCUMENTATION_COMMENTS = YES;
				CLANG_WARN_EMPTY_BODY = YES;
				CLANG_WARN_ENUM_CONVERSION = YES;
				CLANG_WARN_INFINITE_RECURSION = YES;
				CLANG_WARN_INT_CONVERSION = YES;
				CLANG_WARN_NON_LITERAL_NULL_CONVERSION = YES;
				CLANG_WARN_OBJC_IMPLICIT_RETAIN_SELF = YES;
				CLANG_WARN_OBJC_LITERAL_CONVERSION = YES;
				CLANG_WARN_OBJC_ROOT_CLASS = YES_ERROR;
				CLANG_WARN_QUOTED_INCLUDE_IN_FRAMEWORK_HEADER = YES;
				CLANG_WARN_RANGE_LOOP_ANALYSIS = YES;
				CLANG_WARN_STRICT_PROTOTYPES = YES;
				CLANG_WARN_SUSPICIOUS_MOVE = YES;
				CLANG_WARN_UNGUARDED_AVAILABILITY = YES_AGGRESSIVE;
				CLANG_WARN_UNREACHABLE_CODE = YES;
				CLANG_WARN__DUPLICATE_METHOD_MATCH = YES;
				COPY_PHASE_STRIP = NO;
				DEBUG_INFORMATION_FORMAT = "dwarf-with-dsym";
				ENABLE_NS_ASSERTIONS = NO;
				ENABLE_STRICT_OBJC_MSGSEND = YES;
				GCC_C_LANGUAGE_STANDARD = gnu11;
				GCC_NO_COMMON_BLOCKS = YES;
				GCC_WARN_64_TO_32_BIT_CONVERSION = YES;
				GCC_WARN_ABOUT_RETURN_TYPE = YES_ERROR;
				GCC_WARN_UNDECLARED_SELECTOR = YES;
				GCC_WARN_UNINITIALIZED_AUTOS = YES_AGGRESSIVE;
				GCC_WARN_UNUSED_FUNCTION = YES;
				GCC_WARN_UNUSED_VARIABLE = YES;
				IPHONEOS_DEPLOYMENT_TARGET = 16.2;
				MTL_ENABLE_DEBUG_INFO = NO;
				MTL_FAST_MATH = YES;
				SDKROOT = iphoneos;
				SWIFT_COMPILATION_MODE = wholemodule;
				SWIFT_OPTIMIZATION_LEVEL = "-O";
				VALIDATE_PRODUCT = YES;
			};
			name = Release;
		};
		84F404072A960C5F00FB2E48 /* Debug */ = {
			isa = XCBuildConfiguration;
			baseConfigurationReference = E4A0153175B47581A56C230C /* Pods-Movie-Catalog.debug.xcconfig */;
			buildSettings = {
				ASSETCATALOG_COMPILER_APPICON_NAME = AppIcon;
				ASSETCATALOG_COMPILER_GLOBAL_ACCENT_COLOR_NAME = AccentColor;
				CODE_SIGN_STYLE = Automatic;
				CURRENT_PROJECT_VERSION = 1;
				DEVELOPMENT_TEAM = H29F6RLPN8;
				GENERATE_INFOPLIST_FILE = YES;
				INFOPLIST_FILE = "Movie-Catalog/Application/Info.plist";
				INFOPLIST_KEY_UIApplicationSupportsIndirectInputEvents = YES;
				INFOPLIST_KEY_UILaunchStoryboardName = LaunchScreen;
				INFOPLIST_KEY_UISupportedInterfaceOrientations_iPad = "UIInterfaceOrientationPortrait UIInterfaceOrientationPortraitUpsideDown UIInterfaceOrientationLandscapeLeft UIInterfaceOrientationLandscapeRight";
				INFOPLIST_KEY_UISupportedInterfaceOrientations_iPhone = "UIInterfaceOrientationPortrait UIInterfaceOrientationLandscapeLeft UIInterfaceOrientationLandscapeRight";
				IPHONEOS_DEPLOYMENT_TARGET = 14.0;
				LD_RUNPATH_SEARCH_PATHS = (
					"$(inherited)",
					"@executable_path/Frameworks",
				);
				MARKETING_VERSION = 1.0;
				PRODUCT_BUNDLE_IDENTIFIER = "foolery.Movie-Catalog";
				PRODUCT_NAME = "$(TARGET_NAME)";
				SWIFT_EMIT_LOC_STRINGS = YES;
				SWIFT_VERSION = 5.0;
				TARGETED_DEVICE_FAMILY = "1,2";
			};
			name = Debug;
		};
		84F404082A960C5F00FB2E48 /* Release */ = {
			isa = XCBuildConfiguration;
			baseConfigurationReference = 9FE41C4938ACA81115BABBE9 /* Pods-Movie-Catalog.release.xcconfig */;
			buildSettings = {
				ASSETCATALOG_COMPILER_APPICON_NAME = AppIcon;
				ASSETCATALOG_COMPILER_GLOBAL_ACCENT_COLOR_NAME = AccentColor;
				CODE_SIGN_STYLE = Automatic;
				CURRENT_PROJECT_VERSION = 1;
				DEVELOPMENT_TEAM = H29F6RLPN8;
				GENERATE_INFOPLIST_FILE = YES;
				INFOPLIST_FILE = "Movie-Catalog/Application/Info.plist";
				INFOPLIST_KEY_UIApplicationSupportsIndirectInputEvents = YES;
				INFOPLIST_KEY_UILaunchStoryboardName = LaunchScreen;
				INFOPLIST_KEY_UISupportedInterfaceOrientations_iPad = "UIInterfaceOrientationPortrait UIInterfaceOrientationPortraitUpsideDown UIInterfaceOrientationLandscapeLeft UIInterfaceOrientationLandscapeRight";
				INFOPLIST_KEY_UISupportedInterfaceOrientations_iPhone = "UIInterfaceOrientationPortrait UIInterfaceOrientationLandscapeLeft UIInterfaceOrientationLandscapeRight";
				IPHONEOS_DEPLOYMENT_TARGET = 14.0;
				LD_RUNPATH_SEARCH_PATHS = (
					"$(inherited)",
					"@executable_path/Frameworks",
				);
				MARKETING_VERSION = 1.0;
				PRODUCT_BUNDLE_IDENTIFIER = "foolery.Movie-Catalog";
				PRODUCT_NAME = "$(TARGET_NAME)";
				SWIFT_EMIT_LOC_STRINGS = YES;
				SWIFT_VERSION = 5.0;
				TARGETED_DEVICE_FAMILY = "1,2";
			};
			name = Release;
		};
/* End XCBuildConfiguration section */

/* Begin XCConfigurationList section */
		84F403EA2A960C5E00FB2E48 /* Build configuration list for PBXProject "Movie-Catalog" */ = {
			isa = XCConfigurationList;
			buildConfigurations = (
				84F404042A960C5F00FB2E48 /* Debug */,
				84F404052A960C5F00FB2E48 /* Release */,
			);
			defaultConfigurationIsVisible = 0;
			defaultConfigurationName = Release;
		};
		84F404062A960C5F00FB2E48 /* Build configuration list for PBXNativeTarget "Movie-Catalog" */ = {
			isa = XCConfigurationList;
			buildConfigurations = (
				84F404072A960C5F00FB2E48 /* Debug */,
				84F404082A960C5F00FB2E48 /* Release */,
			);
			defaultConfigurationIsVisible = 0;
			defaultConfigurationName = Release;
		};
/* End XCConfigurationList section */

/* Begin XCVersionGroup section */
		84F403FB2A960C5F00FB2E48 /* Movie_Catalog.xcdatamodeld */ = {
			isa = XCVersionGroup;
			children = (
				84F403FC2A960C5F00FB2E48 /* Movie_Catalog.xcdatamodel */,
			);
			currentVersion = 84F403FC2A960C5F00FB2E48 /* Movie_Catalog.xcdatamodel */;
			path = Movie_Catalog.xcdatamodeld;
			sourceTree = "<group>";
			versionGroupType = wrapper.xcdatamodel;
		};
/* End XCVersionGroup section */
	};
	rootObject = 84F403E72A960C5E00FB2E48 /* Project object */;
}
